// !$*UTF8*$!
{
	archiveVersion = 1;
	classes = {
	};
	objectVersion = 46;
	objects = {

/* Begin PBXBuildFile section */
		E38A72C21CE53553006F7047 /* MapPin.swift in Sources */ = {isa = PBXBuildFile; fileRef = E38A72C11CE53553006F7047 /* MapPin.swift */; };
		E38A72C41CE55348006F7047 /* ParksTableViewController.swift in Sources */ = {isa = PBXBuildFile; fileRef = E38A72C31CE55348006F7047 /* ParksTableViewController.swift */; };
		E38A72E61CE58161006F7047 /* ParkCell.swift in Sources */ = {isa = PBXBuildFile; fileRef = E38A72E51CE58161006F7047 /* ParkCell.swift */; };
		E3C0B9281CE50A3A00379A41 /* AppDelegate.swift in Sources */ = {isa = PBXBuildFile; fileRef = E3C0B9271CE50A3A00379A41 /* AppDelegate.swift */; };
		E3C0B92A1CE50A3A00379A41 /* ViewController.swift in Sources */ = {isa = PBXBuildFile; fileRef = E3C0B9291CE50A3A00379A41 /* ViewController.swift */; };
		E3C0B92D1CE50A3A00379A41 /* Main.storyboard in Resources */ = {isa = PBXBuildFile; fileRef = E3C0B92B1CE50A3A00379A41 /* Main.storyboard */; };
		E3C0B92F1CE50A3A00379A41 /* Assets.xcassets in Resources */ = {isa = PBXBuildFile; fileRef = E3C0B92E1CE50A3A00379A41 /* Assets.xcassets */; };
		E3C0B9321CE50A3A00379A41 /* LaunchScreen.storyboard in Resources */ = {isa = PBXBuildFile; fileRef = E3C0B9301CE50A3A00379A41 /* LaunchScreen.storyboard */; };
		E3C0B9401CE5263B00379A41 /* Park.swift in Sources */ = {isa = PBXBuildFile; fileRef = E3C0B93F1CE5263B00379A41 /* Park.swift */; };
/* End PBXBuildFile section */

/* Begin PBXFileReference section */
		E38A72C11CE53553006F7047 /* MapPin.swift */ = {isa = PBXFileReference; fileEncoding = 4; lastKnownFileType = sourcecode.swift; path = MapPin.swift; sourceTree = "<group>"; };
		E38A72C31CE55348006F7047 /* ParksTableViewController.swift */ = {isa = PBXFileReference; fileEncoding = 4; lastKnownFileType = sourcecode.swift; path = ParksTableViewController.swift; sourceTree = "<group>"; };
		E38A72E51CE58161006F7047 /* ParkCell.swift */ = {isa = PBXFileReference; fileEncoding = 4; lastKnownFileType = sourcecode.swift; path = ParkCell.swift; sourceTree = "<group>"; };
		E3C0B9241CE50A3A00379A41 /* Dude.app */ = {isa = PBXFileReference; explicitFileType = wrapper.application; includeInIndex = 0; path = Dude.app; sourceTree = BUILT_PRODUCTS_DIR; };
		E3C0B9271CE50A3A00379A41 /* AppDelegate.swift */ = {isa = PBXFileReference; lastKnownFileType = sourcecode.swift; path = AppDelegate.swift; sourceTree = "<group>"; };
		E3C0B9291CE50A3A00379A41 /* ViewController.swift */ = {isa = PBXFileReference; lastKnownFileType = sourcecode.swift; path = ViewController.swift; sourceTree = "<group>"; };
		E3C0B92C1CE50A3A00379A41 /* Base */ = {isa = PBXFileReference; lastKnownFileType = file.storyboard; name = Base; path = Base.lproj/Main.storyboard; sourceTree = "<group>"; };
		E3C0B92E1CE50A3A00379A41 /* Assets.xcassets */ = {isa = PBXFileReference; lastKnownFileType = folder.assetcatalog; path = Assets.xcassets; sourceTree = "<group>"; };
		E3C0B9311CE50A3A00379A41 /* Base */ = {isa = PBXFileReference; lastKnownFileType = file.storyboard; name = Base; path = Base.lproj/LaunchScreen.storyboard; sourceTree = "<group>"; };
		E3C0B9331CE50A3A00379A41 /* Info.plist */ = {isa = PBXFileReference; lastKnownFileType = text.plist.xml; path = Info.plist; sourceTree = "<group>"; };
		E3C0B93F1CE5263B00379A41 /* Park.swift */ = {isa = PBXFileReference; fileEncoding = 4; lastKnownFileType = sourcecode.swift; path = Park.swift; sourceTree = "<group>"; };
/* End PBXFileReference section */

/* Begin PBXFrameworksBuildPhase section */
		E3C0B9211CE50A3A00379A41 /* Frameworks */ = {
			isa = PBXFrameworksBuildPhase;
			buildActionMask = 2147483647;
			files = (
			);
			runOnlyForDeploymentPostprocessing = 0;
		};
/* End PBXFrameworksBuildPhase section */

/* Begin PBXGroup section */
		E3C0B91B1CE50A3A00379A41 = {
			isa = PBXGroup;
			children = (
				E3C0B9261CE50A3A00379A41 /* Dude */,
				E3C0B9251CE50A3A00379A41 /* Products */,
			);
			sourceTree = "<group>";
		};
		E3C0B9251CE50A3A00379A41 /* Products */ = {
			isa = PBXGroup;
			children = (
				E3C0B9241CE50A3A00379A41 /* Dude.app */,
			);
			name = Products;
			sourceTree = "<group>";
		};
		E3C0B9261CE50A3A00379A41 /* Dude */ = {
			isa = PBXGroup;
			children = (
				E38A72C11CE53553006F7047 /* MapPin.swift */,
				E3C0B93F1CE5263B00379A41 /* Park.swift */,
				E38A72E51CE58161006F7047 /* ParkCell.swift */,
				E38A72C31CE55348006F7047 /* ParksTableViewController.swift */,
				E3C0B9291CE50A3A00379A41 /* ViewController.swift */,
				E3C0B9271CE50A3A00379A41 /* AppDelegate.swift */,
				E3C0B92B1CE50A3A00379A41 /* Main.storyboard */,
				E3C0B92E1CE50A3A00379A41 /* Assets.xcassets */,
				E3C0B9301CE50A3A00379A41 /* LaunchScreen.storyboard */,
				E3C0B9331CE50A3A00379A41 /* Info.plist */,
			);
			path = Dude;
			sourceTree = "<group>";
		};
/* End PBXGroup section */

/* Begin PBXNativeTarget section */
		E3C0B9231CE50A3A00379A41 /* Dude */ = {
			isa = PBXNativeTarget;
			buildConfigurationList = E3C0B9361CE50A3A00379A41 /* Build configuration list for PBXNativeTarget "Dude" */;
			buildPhases = (
				E3C0B9201CE50A3A00379A41 /* Sources */,
				E3C0B9211CE50A3A00379A41 /* Frameworks */,
				E3C0B9221CE50A3A00379A41 /* Resources */,
			);
			buildRules = (
			);
			dependencies = (
			);
			name = Dude;
			productName = Dude;
			productReference = E3C0B9241CE50A3A00379A41 /* Dude.app */;
			productType = "com.apple.product-type.application";
		};
/* End PBXNativeTarget section */

/* Begin PBXProject section */
		E3C0B91C1CE50A3A00379A41 /* Project object */ = {
			isa = PBXProject;
			attributes = {
				LastSwiftUpdateCheck = 0730;
				LastUpgradeCheck = 0730;
				ORGANIZATIONNAME = "Tom Williamson";
				TargetAttributes = {
					E3C0B9231CE50A3A00379A41 = {
						CreatedOnToolsVersion = 7.3;
					};
				};
			};
			buildConfigurationList = E3C0B91F1CE50A3A00379A41 /* Build configuration list for PBXProject "Dude" */;
			compatibilityVersion = "Xcode 3.2";
			developmentRegion = English;
			hasScannedForEncodings = 0;
			knownRegions = (
				en,
				Base,
			);
			mainGroup = E3C0B91B1CE50A3A00379A41;
			productRefGroup = E3C0B9251CE50A3A00379A41 /* Products */;
			projectDirPath = "";
			projectRoot = "";
			targets = (
				E3C0B9231CE50A3A00379A41 /* Dude */,
			);
		};
/* End PBXProject section */

/* Begin PBXResourcesBuildPhase section */
		E3C0B9221CE50A3A00379A41 /* Resources */ = {
			isa = PBXResourcesBuildPhase;
			buildActionMask = 2147483647;
			files = (
				E3C0B9321CE50A3A00379A41 /* LaunchScreen.storyboard in Resources */,
				E3C0B92F1CE50A3A00379A41 /* Assets.xcassets in Resources */,
				E3C0B92D1CE50A3A00379A41 /* Main.storyboard in Resources */,
			);
			runOnlyForDeploymentPostprocessing = 0;
		};
/* End PBXResourcesBuildPhase section */

/* Begin PBXSourcesBuildPhase section */
		E3C0B9201CE50A3A00379A41 /* Sources */ = {
			isa = PBXSourcesBuildPhase;
			buildActionMask = 2147483647;
			files = (
				E38A72C21CE53553006F7047 /* MapPin.swift in Sources */,
				E3C0B92A1CE50A3A00379A41 /* ViewController.swift in Sources */,
				E3C0B9401CE5263B00379A41 /* Park.swift in Sources */,
				E3C0B9281CE50A3A00379A41 /* AppDelegate.swift in Sources */,
				E38A72C41CE55348006F7047 /* ParksTableViewController.swift in Sources */,
				E38A72E61CE58161006F7047 /* ParkCell.swift in Sources */,
			);
			runOnlyForDeploymentPostprocessing = 0;
		};
/* End PBXSourcesBuildPhase section */

/* Begin PBXVariantGroup section */
		E3C0B92B1CE50A3A00379A41 /* Main.storyboard */ = {
			isa = PBXVariantGroup;
			children = (
				E3C0B92C1CE50A3A00379A41 /* Base */,
			);
			name = Main.storyboard;
			sourceTree = "<group>";
		};
		E3C0B9301CE50A3A00379A41 /* LaunchScreen.storyboard */ = {
			isa = PBXVariantGroup;
			children = (
				E3C0B9311CE50A3A00379A41 /* Base */,
			);
			name = LaunchScreen.storyboard;
			sourceTree = "<group>";
		};
/* End PBXVariantGroup section */

/* Begin XCBuildConfiguration section */
		E3C0B9341CE50A3A00379A41 /* Debug */ = {
			isa = XCBuildConfiguration;
			buildSettings = {
				ALWAYS_SEARCH_USER_PATHS = NO;
				CLANG_ANALYZER_NONNULL = YES;
				CLANG_CXX_LANGUAGE_STANDARD = "gnu++0x";
				CLANG_CXX_LIBRARY = "libc++";
				CLANG_ENABLE_MODULES = YES;
				CLANG_ENABLE_OBJC_ARC = YES;
				CLANG_WARN_BOOL_CONVERSION = YES;
				CLANG_WARN_CONSTANT_CONVERSION = YES;
				CLANG_WARN_DIRECT_OBJC_ISA_USAGE = YES_ERROR;
				CLANG_WARN_EMPTY_BODY = YES;
				CLANG_WARN_ENUM_CONVERSION = YES;
				CLANG_WARN_INT_CONVERSION = YES;
				CLANG_WARN_OBJC_ROOT_CLASS = YES_ERROR;
				CLANG_WARN_UNREACHABLE_CODE = YES;
				CLANG_WARN__DUPLICATE_METHOD_MATCH = YES;
				"CODE_SIGN_IDENTITY[sdk=iphoneos*]" = "iPhone Developer";
				COPY_PHASE_STRIP = NO;
				DEBUG_INFORMATION_FORMAT = dwarf;
				ENABLE_STRICT_OBJC_MSGSEND = YES;
				ENABLE_TESTABILITY = YES;
				GCC_C_LANGUAGE_STANDARD = gnu99;
				GCC_DYNAMIC_NO_PIC = NO;
				GCC_NO_COMMON_BLOCKS = YES;
				GCC_OPTIMIZATION_LEVEL = 0;
				GCC_PREPROCESSOR_DEFINITIONS = (
					"DEBUG=1",
					"$(inherited)",
				);
				GCC_WARN_64_TO_32_BIT_CONVERSION = YES;
				GCC_WARN_ABOUT_RETURN_TYPE = YES_ERROR;
				GCC_WARN_UNDECLARED_SELECTOR = YES;
				GCC_WARN_UNINITIALIZED_AUTOS = YES_AGGRESSIVE;
				GCC_WARN_UNUSED_FUNCTION = YES;
				GCC_WARN_UNUSED_VARIABLE = YES;
				IPHONEOS_DEPLOYMENT_TARGET = 9.3;
				MTL_ENABLE_DEBUG_INFO = YES;
				ONLY_ACTIVE_ARCH = YES;
				SDKROOT = iphoneos;
				SWIFT_OPTIMIZATION_LEVEL = "-Onone";
				TARGETED_DEVICE_FAMILY = "1,2";
			};
			name = Debug;
		};
		E3C0B9351CE50A3A00379A41 /* Release */ = {
			isa = XCBuildConfiguration;
			buildSettings = {
				ALWAYS_SEARCH_USER_PATHS = NO;
				CLANG_ANALYZER_NONNULL = YES;
				CLANG_CXX_LANGUAGE_STANDARD = "gnu++0x";
				CLANG_CXX_LIBRARY = "libc++";
				CLANG_ENABLE_MODULES = YES;
				CLANG_ENABLE_OBJC_ARC = YES;
				CLANG_WARN_BOOL_CONVERSION = YES;
				CLANG_WARN_CONSTANT_CONVERSION = YES;
				CLANG_WARN_DIRECT_OBJC_ISA_USAGE = YES_ERROR;
				CLANG_WARN_EMPTY_BODY = YES;
				CLANG_WARN_ENUM_CONVERSION = YES;
				CLANG_WARN_INT_CONVERSION = YES;
				CLANG_WARN_OBJC_ROOT_CLASS = YES_ERROR;
				CLANG_WARN_UNREACHABLE_CODE = YES;
				CLANG_WARN__DUPLICATE_METHOD_MATCH = YES;
				"CODE_SIGN_IDENTITY[sdk=iphoneos*]" = "iPhone Developer";
				COPY_PHASE_STRIP = NO;
				DEBUG_INFORMATION_FORMAT = "dwarf-with-dsym";
				ENABLE_NS_ASSERTIONS = NO;
				ENABLE_STRICT_OBJC_MSGSEND = YES;
				GCC_C_LANGUAGE_STANDARD = gnu99;
				GCC_NO_COMMON_BLOCKS = YES;
				GCC_WARN_64_TO_32_BIT_CONVERSION = YES;
				GCC_WARN_ABOUT_RETURN_TYPE = YES_ERROR;
				GCC_WARN_UNDECLARED_SELECTOR = YES;
				GCC_WARN_UNINITIALIZED_AUTOS = YES_AGGRESSIVE;
				GCC_WARN_UNUSED_FUNCTION = YES;
				GCC_WARN_UNUSED_VARIABLE = YES;
				IPHONEOS_DEPLOYMENT_TARGET = 9.3;
				MTL_ENABLE_DEBUG_INFO = NO;
				SDKROOT = iphoneos;
				TARGETED_DEVICE_FAMILY = "1,2";
				VALIDATE_PRODUCT = YES;
			};
			name = Release;
		};
		E3C0B9371CE50A3A00379A41 /* Debug */ = {
			isa = XCBuildConfiguration;
			buildSettings = {
				ASSETCATALOG_COMPILER_APPICON_NAME = AppIcon;
				INFOPLIST_FILE = Dude/Info.plist;
				LD_RUNPATH_SEARCH_PATHS = "$(inherited) @executable_path/Frameworks";
				PRODUCT_BUNDLE_IDENTIFIER = com.dtssoftware.Dude;
				PRODUCT_NAME = "$(TARGET_NAME)";
			};
			name = Debug;
		};
		E3C0B9381CE50A3A00379A41 /* Release */ = {
			isa = XCBuildConfiguration;
			buildSettings = {
				ASSETCATALOG_COMPILER_APPICON_NAME = AppIcon;
				INFOPLIST_FILE = Dude/Info.plist;
				LD_RUNPATH_SEARCH_PATHS = "$(inherited) @executable_path/Frameworks";
				PRODUCT_BUNDLE_IDENTIFIER = com.dtssoftware.Dude;
				PRODUCT_NAME = "$(TARGET_NAME)";
			};
			name = Release;
		};
/* End XCBuildConfiguration section */

/* Begin XCConfigurationList section */
		E3C0B91F1CE50A3A00379A41 /* Build configuration list for PBXProject "Dude" */ = {
			isa = XCConfigurationList;
			buildConfigurations = (
				E3C0B9341CE50A3A00379A41 /* Debug */,
				E3C0B9351CE50A3A00379A41 /* Release */,
			);
			defaultConfigurationIsVisible = 0;
			defaultConfigurationName = Release;
		};
		E3C0B9361CE50A3A00379A41 /* Build configuration list for PBXNativeTarget "Dude" */ = {
			isa = XCConfigurationList;
			buildConfigurations = (
				E3C0B9371CE50A3A00379A41 /* Debug */,
				E3C0B9381CE50A3A00379A41 /* Release */,
			);
			defaultConfigurationIsVisible = 0;
			defaultConfigurationName = Release;
		};
/* End XCConfigurationList section */
	};
	rootObject = E3C0B91C1CE50A3A00379A41 /* Project object */;
}
